// !$*UTF8*$!
{
	archiveVersion = 1;
	classes = {
	};
	objectVersion = 46;
	objects = {

/* Begin PBXBuildFile section */
		A9595413189329470000850E /* MABGTimer.m in Sources */ = {isa = PBXBuildFile; fileRef = A9595412189329470000850E /* MABGTimer.m */; };
		A96A9868188EF5A40066A404 /* BSKWindow.m in Sources */ = {isa = PBXBuildFile; fileRef = A96A9865188EF5A40066A404 /* BSKWindow.m */; };
		A9A84703188D854C009C5B78 /* Foundation.framework in Frameworks */ = {isa = PBXBuildFile; fileRef = A9A84702188D854C009C5B78 /* Foundation.framework */; };
		A9A84705188D854C009C5B78 /* CoreGraphics.framework in Frameworks */ = {isa = PBXBuildFile; fileRef = A9A84704188D854C009C5B78 /* CoreGraphics.framework */; };
		A9A84707188D854C009C5B78 /* UIKit.framework in Frameworks */ = {isa = PBXBuildFile; fileRef = A9A84706188D854C009C5B78 /* UIKit.framework */; };
		A9A8470D188D854C009C5B78 /* InfoPlist.strings in Resources */ = {isa = PBXBuildFile; fileRef = A9A8470B188D854C009C5B78 /* InfoPlist.strings */; };
		A9A8470F188D854C009C5B78 /* main.m in Sources */ = {isa = PBXBuildFile; fileRef = A9A8470E188D854C009C5B78 /* main.m */; };
		A9A84713188D854C009C5B78 /* AppDelegate.m in Sources */ = {isa = PBXBuildFile; fileRef = A9A84712188D854C009C5B78 /* AppDelegate.m */; };
		A9A84716188D854C009C5B78 /* Main_iPhone.storyboard in Resources */ = {isa = PBXBuildFile; fileRef = A9A84714188D854C009C5B78 /* Main_iPhone.storyboard */; };
		A9A84719188D854C009C5B78 /* Main_iPad.storyboard in Resources */ = {isa = PBXBuildFile; fileRef = A9A84717188D854C009C5B78 /* Main_iPad.storyboard */; };
		A9A8471C188D854C009C5B78 /* ViewController.m in Sources */ = {isa = PBXBuildFile; fileRef = A9A8471B188D854C009C5B78 /* ViewController.m */; };
		A9A84751188D8696009C5B78 /* BSKAnnotationArrowView.m in Sources */ = {isa = PBXBuildFile; fileRef = A9A8473C188D8696009C5B78 /* BSKAnnotationArrowView.m */; };
		A9A84752188D8696009C5B78 /* BSKAnnotationBlurView.m in Sources */ = {isa = PBXBuildFile; fileRef = A9A8473E188D8696009C5B78 /* BSKAnnotationBlurView.m */; };
		A9A84753188D8696009C5B78 /* BSKAnnotationBoxView.m in Sources */ = {isa = PBXBuildFile; fileRef = A9A84740188D8696009C5B78 /* BSKAnnotationBoxView.m */; };
		A9A84754188D8696009C5B78 /* BSKAnnotationView.m in Sources */ = {isa = PBXBuildFile; fileRef = A9A84742188D8696009C5B78 /* BSKAnnotationView.m */; };
		A9A84755188D8696009C5B78 /* BSKCheckerboardView.m in Sources */ = {isa = PBXBuildFile; fileRef = A9A84744188D8696009C5B78 /* BSKCheckerboardView.m */; };
		A9A84756188D8696009C5B78 /* BSKLogViewController.m in Sources */ = {isa = PBXBuildFile; fileRef = A9A84746188D8696009C5B78 /* BSKLogViewController.m */; };
		A9A84757188D8696009C5B78 /* BSKMainViewController.m in Sources */ = {isa = PBXBuildFile; fileRef = A9A84748188D8696009C5B78 /* BSKMainViewController.m */; };
		A9A84758188D8696009C5B78 /* BSKScreenshotViewController.m in Sources */ = {isa = PBXBuildFile; fileRef = A9A8474A188D8696009C5B78 /* BSKScreenshotViewController.m */; };
		A9A84759188D8696009C5B78 /* BSKToggleButton.m in Sources */ = {isa = PBXBuildFile; fileRef = A9A8474C188D8696009C5B78 /* BSKToggleButton.m */; };
		A9A8475A188D8696009C5B78 /* BugshotKit.m in Sources */ = {isa = PBXBuildFile; fileRef = A9A8474E188D8696009C5B78 /* BugshotKit.m */; };
		A9A8475B188D8696009C5B78 /* UIImage+ImageEffects.m in Sources */ = {isa = PBXBuildFile; fileRef = A9A84750188D8696009C5B78 /* UIImage+ImageEffects.m */; };
		A9A84769188D884C009C5B78 /* Inconsolata.otf in Resources */ = {isa = PBXBuildFile; fileRef = A9A84762188D884C009C5B78 /* Inconsolata.otf */; };
		A9A8476C188D924F009C5B78 /* BSKNavigationController.m in Sources */ = {isa = PBXBuildFile; fileRef = A9A8476B188D924F009C5B78 /* BSKNavigationController.m */; };
		A9A8476E188DD8EE009C5B78 /* Default-568h@2x.png in Resources */ = {isa = PBXBuildFile; fileRef = A9A8476D188DD8EE009C5B78 /* Default-568h@2x.png */; };
/* End PBXBuildFile section */

/* Begin PBXFileReference section */
		A9595411189329470000850E /* MABGTimer.h */ = {isa = PBXFileReference; fileEncoding = 4; lastKnownFileType = sourcecode.c.h; path = MABGTimer.h; sourceTree = "<group>"; };
		A9595412189329470000850E /* MABGTimer.m */ = {isa = PBXFileReference; fileEncoding = 4; lastKnownFileType = sourcecode.c.objc; path = MABGTimer.m; sourceTree = "<group>"; };
		A96A9864188EF5A40066A404 /* BSKWindow.h */ = {isa = PBXFileReference; fileEncoding = 4; lastKnownFileType = sourcecode.c.h; path = BSKWindow.h; sourceTree = "<group>"; };
		A96A9865188EF5A40066A404 /* BSKWindow.m */ = {isa = PBXFileReference; fileEncoding = 4; lastKnownFileType = sourcecode.c.objc; path = BSKWindow.m; sourceTree = "<group>"; };
		A9A846FF188D854C009C5B78 /* TestBugshotKit.app */ = {isa = PBXFileReference; explicitFileType = wrapper.application; includeInIndex = 0; path = TestBugshotKit.app; sourceTree = BUILT_PRODUCTS_DIR; };
		A9A84702188D854C009C5B78 /* Foundation.framework */ = {isa = PBXFileReference; lastKnownFileType = wrapper.framework; name = Foundation.framework; path = System/Library/Frameworks/Foundation.framework; sourceTree = SDKROOT; };
		A9A84704188D854C009C5B78 /* CoreGraphics.framework */ = {isa = PBXFileReference; lastKnownFileType = wrapper.framework; name = CoreGraphics.framework; path = System/Library/Frameworks/CoreGraphics.framework; sourceTree = SDKROOT; };
		A9A84706188D854C009C5B78 /* UIKit.framework */ = {isa = PBXFileReference; lastKnownFileType = wrapper.framework; name = UIKit.framework; path = System/Library/Frameworks/UIKit.framework; sourceTree = SDKROOT; };
		A9A8470A188D854C009C5B78 /* TestBugshotKit-Info.plist */ = {isa = PBXFileReference; lastKnownFileType = text.plist.xml; path = "TestBugshotKit-Info.plist"; sourceTree = "<group>"; };
		A9A8470C188D854C009C5B78 /* en */ = {isa = PBXFileReference; lastKnownFileType = text.plist.strings; name = en; path = en.lproj/InfoPlist.strings; sourceTree = "<group>"; };
		A9A8470E188D854C009C5B78 /* main.m */ = {isa = PBXFileReference; lastKnownFileType = sourcecode.c.objc; path = main.m; sourceTree = "<group>"; };
		A9A84710188D854C009C5B78 /* TestBugshotKit-Prefix.pch */ = {isa = PBXFileReference; lastKnownFileType = sourcecode.c.h; path = "TestBugshotKit-Prefix.pch"; sourceTree = "<group>"; };
		A9A84711188D854C009C5B78 /* AppDelegate.h */ = {isa = PBXFileReference; lastKnownFileType = sourcecode.c.h; path = AppDelegate.h; sourceTree = "<group>"; };
		A9A84712188D854C009C5B78 /* AppDelegate.m */ = {isa = PBXFileReference; lastKnownFileType = sourcecode.c.objc; path = AppDelegate.m; sourceTree = "<group>"; };
		A9A84715188D854C009C5B78 /* Base */ = {isa = PBXFileReference; lastKnownFileType = file.storyboard; name = Base; path = Base.lproj/Main_iPhone.storyboard; sourceTree = "<group>"; };
		A9A84718188D854C009C5B78 /* Base */ = {isa = PBXFileReference; lastKnownFileType = file.storyboard; name = Base; path = Base.lproj/Main_iPad.storyboard; sourceTree = "<group>"; };
		A9A8471A188D854C009C5B78 /* ViewController.h */ = {isa = PBXFileReference; lastKnownFileType = sourcecode.c.h; path = ViewController.h; sourceTree = "<group>"; };
		A9A8471B188D854C009C5B78 /* ViewController.m */ = {isa = PBXFileReference; lastKnownFileType = sourcecode.c.objc; path = ViewController.m; sourceTree = "<group>"; };
		A9A8473B188D8696009C5B78 /* BSKAnnotationArrowView.h */ = {isa = PBXFileReference; fileEncoding = 4; lastKnownFileType = sourcecode.c.h; path = BSKAnnotationArrowView.h; sourceTree = "<group>"; };
		A9A8473C188D8696009C5B78 /* BSKAnnotationArrowView.m */ = {isa = PBXFileReference; fileEncoding = 4; lastKnownFileType = sourcecode.c.objc; path = BSKAnnotationArrowView.m; sourceTree = "<group>"; };
		A9A8473D188D8696009C5B78 /* BSKAnnotationBlurView.h */ = {isa = PBXFileReference; fileEncoding = 4; lastKnownFileType = sourcecode.c.h; path = BSKAnnotationBlurView.h; sourceTree = "<group>"; };
		A9A8473E188D8696009C5B78 /* BSKAnnotationBlurView.m */ = {isa = PBXFileReference; fileEncoding = 4; lastKnownFileType = sourcecode.c.objc; path = BSKAnnotationBlurView.m; sourceTree = "<group>"; };
		A9A8473F188D8696009C5B78 /* BSKAnnotationBoxView.h */ = {isa = PBXFileReference; fileEncoding = 4; lastKnownFileType = sourcecode.c.h; path = BSKAnnotationBoxView.h; sourceTree = "<group>"; };
		A9A84740188D8696009C5B78 /* BSKAnnotationBoxView.m */ = {isa = PBXFileReference; fileEncoding = 4; lastKnownFileType = sourcecode.c.objc; path = BSKAnnotationBoxView.m; sourceTree = "<group>"; };
		A9A84741188D8696009C5B78 /* BSKAnnotationView.h */ = {isa = PBXFileReference; fileEncoding = 4; lastKnownFileType = sourcecode.c.h; path = BSKAnnotationView.h; sourceTree = "<group>"; };
		A9A84742188D8696009C5B78 /* BSKAnnotationView.m */ = {isa = PBXFileReference; fileEncoding = 4; lastKnownFileType = sourcecode.c.objc; path = BSKAnnotationView.m; sourceTree = "<group>"; };
		A9A84743188D8696009C5B78 /* BSKCheckerboardView.h */ = {isa = PBXFileReference; fileEncoding = 4; lastKnownFileType = sourcecode.c.h; path = BSKCheckerboardView.h; sourceTree = "<group>"; };
		A9A84744188D8696009C5B78 /* BSKCheckerboardView.m */ = {isa = PBXFileReference; fileEncoding = 4; lastKnownFileType = sourcecode.c.objc; path = BSKCheckerboardView.m; sourceTree = "<group>"; };
		A9A84745188D8696009C5B78 /* BSKLogViewController.h */ = {isa = PBXFileReference; fileEncoding = 4; lastKnownFileType = sourcecode.c.h; path = BSKLogViewController.h; sourceTree = "<group>"; };
		A9A84746188D8696009C5B78 /* BSKLogViewController.m */ = {isa = PBXFileReference; fileEncoding = 4; lastKnownFileType = sourcecode.c.objc; path = BSKLogViewController.m; sourceTree = "<group>"; };
		A9A84747188D8696009C5B78 /* BSKMainViewController.h */ = {isa = PBXFileReference; fileEncoding = 4; lastKnownFileType = sourcecode.c.h; path = BSKMainViewController.h; sourceTree = "<group>"; };
		A9A84748188D8696009C5B78 /* BSKMainViewController.m */ = {isa = PBXFileReference; fileEncoding = 4; lastKnownFileType = sourcecode.c.objc; path = BSKMainViewController.m; sourceTree = "<group>"; };
		A9A84749188D8696009C5B78 /* BSKScreenshotViewController.h */ = {isa = PBXFileReference; fileEncoding = 4; lastKnownFileType = sourcecode.c.h; path = BSKScreenshotViewController.h; sourceTree = "<group>"; };
		A9A8474A188D8696009C5B78 /* BSKScreenshotViewController.m */ = {isa = PBXFileReference; fileEncoding = 4; lastKnownFileType = sourcecode.c.objc; path = BSKScreenshotViewController.m; sourceTree = "<group>"; };
		A9A8474B188D8696009C5B78 /* BSKToggleButton.h */ = {isa = PBXFileReference; fileEncoding = 4; lastKnownFileType = sourcecode.c.h; path = BSKToggleButton.h; sourceTree = "<group>"; };
		A9A8474C188D8696009C5B78 /* BSKToggleButton.m */ = {isa = PBXFileReference; fileEncoding = 4; lastKnownFileType = sourcecode.c.objc; path = BSKToggleButton.m; sourceTree = "<group>"; };
		A9A8474D188D8696009C5B78 /* BugshotKit.h */ = {isa = PBXFileReference; fileEncoding = 4; lastKnownFileType = sourcecode.c.h; path = BugshotKit.h; sourceTree = "<group>"; };
		A9A8474E188D8696009C5B78 /* BugshotKit.m */ = {isa = PBXFileReference; fileEncoding = 4; lastKnownFileType = sourcecode.c.objc; path = BugshotKit.m; sourceTree = "<group>"; };
		A9A8474F188D8696009C5B78 /* UIImage+ImageEffects.h */ = {isa = PBXFileReference; fileEncoding = 4; lastKnownFileType = sourcecode.c.h; path = "UIImage+ImageEffects.h"; sourceTree = "<group>"; };
		A9A84750188D8696009C5B78 /* UIImage+ImageEffects.m */ = {isa = PBXFileReference; fileEncoding = 4; lastKnownFileType = sourcecode.c.objc; path = "UIImage+ImageEffects.m"; sourceTree = "<group>"; };
		A9A84762188D884C009C5B78 /* Inconsolata.otf */ = {isa = PBXFileReference; lastKnownFileType = file; name = Inconsolata.otf; path = ../../Resources/Inconsolata.otf; sourceTree = "<group>"; };
		A9A8476A188D924F009C5B78 /* BSKNavigationController.h */ = {isa = PBXFileReference; fileEncoding = 4; lastKnownFileType = sourcecode.c.h; path = BSKNavigationController.h; sourceTree = "<group>"; };
		A9A8476B188D924F009C5B78 /* BSKNavigationController.m */ = {isa = PBXFileReference; fileEncoding = 4; lastKnownFileType = sourcecode.c.objc; path = BSKNavigationController.m; sourceTree = "<group>"; };
		A9A8476D188DD8EE009C5B78 /* Default-568h@2x.png */ = {isa = PBXFileReference; lastKnownFileType = image.png; path = "Default-568h@2x.png"; sourceTree = "<group>"; };
/* End PBXFileReference section */

/* Begin PBXFrameworksBuildPhase section */
		A9A846FC188D854C009C5B78 /* Frameworks */ = {
			isa = PBXFrameworksBuildPhase;
			buildActionMask = 2147483647;
			files = (
				A9A84705188D854C009C5B78 /* CoreGraphics.framework in Frameworks */,
				A9A84707188D854C009C5B78 /* UIKit.framework in Frameworks */,
				A9A84703188D854C009C5B78 /* Foundation.framework in Frameworks */,
			);
			runOnlyForDeploymentPostprocessing = 0;
		};
/* End PBXFrameworksBuildPhase section */

/* Begin PBXGroup section */
		A9A846F6188D854C009C5B78 = {
			isa = PBXGroup;
			children = (
				A9A84708188D854C009C5B78 /* TestBugshotKit */,
				A9A84701188D854C009C5B78 /* Frameworks */,
				A9A84700188D854C009C5B78 /* Products */,
			);
			sourceTree = "<group>";
		};
		A9A84700188D854C009C5B78 /* Products */ = {
			isa = PBXGroup;
			children = (
				A9A846FF188D854C009C5B78 /* TestBugshotKit.app */,
			);
			name = Products;
			sourceTree = "<group>";
		};
		A9A84701188D854C009C5B78 /* Frameworks */ = {
			isa = PBXGroup;
			children = (
				A9A84702188D854C009C5B78 /* Foundation.framework */,
				A9A84704188D854C009C5B78 /* CoreGraphics.framework */,
				A9A84706188D854C009C5B78 /* UIKit.framework */,
			);
			name = Frameworks;
			sourceTree = "<group>";
		};
		A9A84708188D854C009C5B78 /* TestBugshotKit */ = {
			isa = PBXGroup;
			children = (
				A9A8473A188D8696009C5B78 /* BugshotKit */,
				A9A84711188D854C009C5B78 /* AppDelegate.h */,
				A9A84712188D854C009C5B78 /* AppDelegate.m */,
				A9A84714188D854C009C5B78 /* Main_iPhone.storyboard */,
				A9A84717188D854C009C5B78 /* Main_iPad.storyboard */,
				A9A8471A188D854C009C5B78 /* ViewController.h */,
				A9A8471B188D854C009C5B78 /* ViewController.m */,
				A9A84709188D854C009C5B78 /* Supporting Files */,
			);
			path = TestBugshotKit;
			sourceTree = "<group>";
		};
		A9A84709188D854C009C5B78 /* Supporting Files */ = {
			isa = PBXGroup;
			children = (
				A9A8476D188DD8EE009C5B78 /* Default-568h@2x.png */,
				A9A84762188D884C009C5B78 /* Inconsolata.otf */,
				A9A8470A188D854C009C5B78 /* TestBugshotKit-Info.plist */,
				A9A8470B188D854C009C5B78 /* InfoPlist.strings */,
				A9A8470E188D854C009C5B78 /* main.m */,
				A9A84710188D854C009C5B78 /* TestBugshotKit-Prefix.pch */,
			);
			name = "Supporting Files";
			sourceTree = "<group>";
		};
		A9A8473A188D8696009C5B78 /* BugshotKit */ = {
			isa = PBXGroup;
			children = (
				A9A8474D188D8696009C5B78 /* BugshotKit.h */,
				A9A8474E188D8696009C5B78 /* BugshotKit.m */,
				A96A9864188EF5A40066A404 /* BSKWindow.h */,
				A96A9865188EF5A40066A404 /* BSKWindow.m */,
				A9A8473B188D8696009C5B78 /* BSKAnnotationArrowView.h */,
				A9A8473C188D8696009C5B78 /* BSKAnnotationArrowView.m */,
				A9A8473D188D8696009C5B78 /* BSKAnnotationBlurView.h */,
				A9A8473E188D8696009C5B78 /* BSKAnnotationBlurView.m */,
				A9A8473F188D8696009C5B78 /* BSKAnnotationBoxView.h */,
				A9A84740188D8696009C5B78 /* BSKAnnotationBoxView.m */,
				A9A84741188D8696009C5B78 /* BSKAnnotationView.h */,
				A9A84742188D8696009C5B78 /* BSKAnnotationView.m */,
				A9A84743188D8696009C5B78 /* BSKCheckerboardView.h */,
				A9A84744188D8696009C5B78 /* BSKCheckerboardView.m */,
				A9A84745188D8696009C5B78 /* BSKLogViewController.h */,
				A9A84746188D8696009C5B78 /* BSKLogViewController.m */,
				A9A84747188D8696009C5B78 /* BSKMainViewController.h */,
				A9A84748188D8696009C5B78 /* BSKMainViewController.m */,
				A9A84749188D8696009C5B78 /* BSKScreenshotViewController.h */,
				A9A8474A188D8696009C5B78 /* BSKScreenshotViewController.m */,
				A9A8474B188D8696009C5B78 /* BSKToggleButton.h */,
				A9A8474C188D8696009C5B78 /* BSKToggleButton.m */,
				A9A8476A188D924F009C5B78 /* BSKNavigationController.h */,
				A9A8476B188D924F009C5B78 /* BSKNavigationController.m */,
				A9A8474F188D8696009C5B78 /* UIImage+ImageEffects.h */,
				A9A84750188D8696009C5B78 /* UIImage+ImageEffects.m */,
				A9595411189329470000850E /* MABGTimer.h */,
				A9595412189329470000850E /* MABGTimer.m */,
			);
			name = BugshotKit;
			path = ../../BugshotKit;
			sourceTree = "<group>";
		};
/* End PBXGroup section */

/* Begin PBXNativeTarget section */
		A9A846FE188D854C009C5B78 /* TestBugshotKit */ = {
			isa = PBXNativeTarget;
			buildConfigurationList = A9A84734188D854C009C5B78 /* Build configuration list for PBXNativeTarget "TestBugshotKit" */;
			buildPhases = (
				A9A846FB188D854C009C5B78 /* Sources */,
				A9A846FC188D854C009C5B78 /* Frameworks */,
				A9A846FD188D854C009C5B78 /* Resources */,
			);
			buildRules = (
			);
			dependencies = (
			);
			name = TestBugshotKit;
			productName = TestBugshotKit;
			productReference = A9A846FF188D854C009C5B78 /* TestBugshotKit.app */;
			productType = "com.apple.product-type.application";
		};
/* End PBXNativeTarget section */

/* Begin PBXProject section */
		A9A846F7188D854C009C5B78 /* Project object */ = {
			isa = PBXProject;
			attributes = {
				LastUpgradeCheck = 0510;
				ORGANIZATIONNAME = "Marco Arment";
			};
			buildConfigurationList = A9A846FA188D854C009C5B78 /* Build configuration list for PBXProject "TestBugshotKit" */;
			compatibilityVersion = "Xcode 3.2";
			developmentRegion = English;
			hasScannedForEncodings = 0;
			knownRegions = (
				en,
				Base,
			);
			mainGroup = A9A846F6188D854C009C5B78;
			productRefGroup = A9A84700188D854C009C5B78 /* Products */;
			projectDirPath = "";
			projectRoot = "";
			targets = (
				A9A846FE188D854C009C5B78 /* TestBugshotKit */,
			);
		};
/* End PBXProject section */

/* Begin PBXResourcesBuildPhase section */
		A9A846FD188D854C009C5B78 /* Resources */ = {
			isa = PBXResourcesBuildPhase;
			buildActionMask = 2147483647;
			files = (
				A9A8476E188DD8EE009C5B78 /* Default-568h@2x.png in Resources */,
				A9A84769188D884C009C5B78 /* Inconsolata.otf in Resources */,
				A9A84719188D854C009C5B78 /* Main_iPad.storyboard in Resources */,
				A9A84716188D854C009C5B78 /* Main_iPhone.storyboard in Resources */,
				A9A8470D188D854C009C5B78 /* InfoPlist.strings in Resources */,
			);
			runOnlyForDeploymentPostprocessing = 0;
		};
/* End PBXResourcesBuildPhase section */

/* Begin PBXSourcesBuildPhase section */
		A9A846FB188D854C009C5B78 /* Sources */ = {
			isa = PBXSourcesBuildPhase;
			buildActionMask = 2147483647;
			files = (
				A9A84757188D8696009C5B78 /* BSKMainViewController.m in Sources */,
				A9A84755188D8696009C5B78 /* BSKCheckerboardView.m in Sources */,
				A9A8475B188D8696009C5B78 /* UIImage+ImageEffects.m in Sources */,
				A9595413189329470000850E /* MABGTimer.m in Sources */,
				A9A84751188D8696009C5B78 /* BSKAnnotationArrowView.m in Sources */,
				A9A8471C188D854C009C5B78 /* ViewController.m in Sources */,
				A9A84756188D8696009C5B78 /* BSKLogViewController.m in Sources */,
				A9A8475A188D8696009C5B78 /* BugshotKit.m in Sources */,
				A9A84713188D854C009C5B78 /* AppDelegate.m in Sources */,
				A9A84752188D8696009C5B78 /* BSKAnnotationBlurView.m in Sources */,
				A9A84753188D8696009C5B78 /* BSKAnnotationBoxView.m in Sources */,
				A9A84754188D8696009C5B78 /* BSKAnnotationView.m in Sources */,
				A9A8470F188D854C009C5B78 /* main.m in Sources */,
				A9A84759188D8696009C5B78 /* BSKToggleButton.m in Sources */,
				A9A8476C188D924F009C5B78 /* BSKNavigationController.m in Sources */,
				A96A9868188EF5A40066A404 /* BSKWindow.m in Sources */,
				A9A84758188D8696009C5B78 /* BSKScreenshotViewController.m in Sources */,
			);
			runOnlyForDeploymentPostprocessing = 0;
		};
/* End PBXSourcesBuildPhase section */

/* Begin PBXVariantGroup section */
		A9A8470B188D854C009C5B78 /* InfoPlist.strings */ = {
			isa = PBXVariantGroup;
			children = (
				A9A8470C188D854C009C5B78 /* en */,
			);
			name = InfoPlist.strings;
			sourceTree = "<group>";
		};
		A9A84714188D854C009C5B78 /* Main_iPhone.storyboard */ = {
			isa = PBXVariantGroup;
			children = (
				A9A84715188D854C009C5B78 /* Base */,
			);
			name = Main_iPhone.storyboard;
			sourceTree = "<group>";
		};
		A9A84717188D854C009C5B78 /* Main_iPad.storyboard */ = {
			isa = PBXVariantGroup;
			children = (
				A9A84718188D854C009C5B78 /* Base */,
			);
			name = Main_iPad.storyboard;
			sourceTree = "<group>";
		};
/* End PBXVariantGroup section */

/* Begin XCBuildConfiguration section */
		A9A84732188D854C009C5B78 /* Debug */ = {
			isa = XCBuildConfiguration;
			buildSettings = {
				ALWAYS_SEARCH_USER_PATHS = NO;
				ARCHS = "$(ARCHS_STANDARD_INCLUDING_64_BIT)";
				CLANG_CXX_LANGUAGE_STANDARD = "gnu++0x";
				CLANG_CXX_LIBRARY = "libc++";
				CLANG_ENABLE_MODULES = YES;
				CLANG_ENABLE_OBJC_ARC = YES;
				CLANG_WARN_BOOL_CONVERSION = YES;
				CLANG_WARN_CONSTANT_CONVERSION = YES;
				CLANG_WARN_DIRECT_OBJC_ISA_USAGE = YES_ERROR;
				CLANG_WARN_EMPTY_BODY = YES;
				CLANG_WARN_ENUM_CONVERSION = YES;
				CLANG_WARN_INT_CONVERSION = YES;
				CLANG_WARN_OBJC_ROOT_CLASS = YES_ERROR;
				CLANG_WARN__DUPLICATE_METHOD_MATCH = YES;
				"CODE_SIGN_IDENTITY[sdk=iphoneos*]" = "iPhone Developer";
				COPY_PHASE_STRIP = NO;
				GCC_C_LANGUAGE_STANDARD = gnu99;
				GCC_DYNAMIC_NO_PIC = NO;
				GCC_OPTIMIZATION_LEVEL = 0;
				GCC_PREPROCESSOR_DEFINITIONS = (
					"DEBUG=1",
					"$(inherited)",
				);
				GCC_SYMBOLS_PRIVATE_EXTERN = NO;
				GCC_WARN_64_TO_32_BIT_CONVERSION = YES;
				GCC_WARN_ABOUT_RETURN_TYPE = YES_ERROR;
				GCC_WARN_UNDECLARED_SELECTOR = YES;
				GCC_WARN_UNINITIALIZED_AUTOS = YES_AGGRESSIVE;
				GCC_WARN_UNUSED_FUNCTION = YES;
				GCC_WARN_UNUSED_VARIABLE = YES;
				IPHONEOS_DEPLOYMENT_TARGET = 7.1;
				ONLY_ACTIVE_ARCH = YES;
				SDKROOT = iphoneos;
				TARGETED_DEVICE_FAMILY = "1,2";
			};
			name = Debug;
		};
		A9A84733188D854C009C5B78 /* Release */ = {
			isa = XCBuildConfiguration;
			buildSettings = {
				ALWAYS_SEARCH_USER_PATHS = NO;
				ARCHS = "$(ARCHS_STANDARD_INCLUDING_64_BIT)";
				CLANG_CXX_LANGUAGE_STANDARD = "gnu++0x";
				CLANG_CXX_LIBRARY = "libc++";
				CLANG_ENABLE_MODULES = YES;
				CLANG_ENABLE_OBJC_ARC = YES;
				CLANG_WARN_BOOL_CONVERSION = YES;
				CLANG_WARN_CONSTANT_CONVERSION = YES;
				CLANG_WARN_DIRECT_OBJC_ISA_USAGE = YES_ERROR;
				CLANG_WARN_EMPTY_BODY = YES;
				CLANG_WARN_ENUM_CONVERSION = YES;
				CLANG_WARN_INT_CONVERSION = YES;
				CLANG_WARN_OBJC_ROOT_CLASS = YES_ERROR;
				CLANG_WARN__DUPLICATE_METHOD_MATCH = YES;
				"CODE_SIGN_IDENTITY[sdk=iphoneos*]" = "iPhone Developer";
				COPY_PHASE_STRIP = YES;
				ENABLE_NS_ASSERTIONS = NO;
				GCC_C_LANGUAGE_STANDARD = gnu99;
				GCC_WARN_64_TO_32_BIT_CONVERSION = YES;
				GCC_WARN_ABOUT_RETURN_TYPE = YES_ERROR;
				GCC_WARN_UNDECLARED_SELECTOR = YES;
				GCC_WARN_UNINITIALIZED_AUTOS = YES_AGGRESSIVE;
				GCC_WARN_UNUSED_FUNCTION = YES;
				GCC_WARN_UNUSED_VARIABLE = YES;
				IPHONEOS_DEPLOYMENT_TARGET = 7.1;
				SDKROOT = iphoneos;
				TARGETED_DEVICE_FAMILY = "1,2";
				VALIDATE_PRODUCT = YES;
			};
			name = Release;
		};
		A9A84735188D854C009C5B78 /* Debug */ = {
			isa = XCBuildConfiguration;
			buildSettings = {
				ASSETCATALOG_COMPILER_APPICON_NAME = AppIcon;
				ASSETCATALOG_COMPILER_LAUNCHIMAGE_NAME = LaunchImage;
				GCC_PRECOMPILE_PREFIX_HEADER = YES;
				GCC_PREFIX_HEADER = "TestBugshotKit/TestBugshotKit-Prefix.pch";
				INFOPLIST_FILE = "TestBugshotKit/TestBugshotKit-Info.plist";
				PRODUCT_NAME = "$(TARGET_NAME)";
				WRAPPER_EXTENSION = app;
			};
			name = Debug;
		};
		A9A84736188D854C009C5B78 /* Release */ = {
			isa = XCBuildConfiguration;
			buildSettings = {
				ASSETCATALOG_COMPILER_APPICON_NAME = AppIcon;
				ASSETCATALOG_COMPILER_LAUNCHIMAGE_NAME = LaunchImage;
				GCC_PRECOMPILE_PREFIX_HEADER = YES;
				GCC_PREFIX_HEADER = "TestBugshotKit/TestBugshotKit-Prefix.pch";
				INFOPLIST_FILE = "TestBugshotKit/TestBugshotKit-Info.plist";
				PRODUCT_NAME = "$(TARGET_NAME)";
				WRAPPER_EXTENSION = app;
			};
			name = Release;
		};
/* End XCBuildConfiguration section */

/* Begin XCConfigurationList section */
		A9A846FA188D854C009C5B78 /* Build configuration list for PBXProject "TestBugshotKit" */ = {
			isa = XCConfigurationList;
			buildConfigurations = (
				A9A84732188D854C009C5B78 /* Debug */,
				A9A84733188D854C009C5B78 /* Release */,
			);
			defaultConfigurationIsVisible = 0;
			defaultConfigurationName = Release;
		};
		A9A84734188D854C009C5B78 /* Build configuration list for PBXNativeTarget "TestBugshotKit" */ = {
			isa = XCConfigurationList;
			buildConfigurations = (
				A9A84735188D854C009C5B78 /* Debug */,
				A9A84736188D854C009C5B78 /* Release */,
			);
			defaultConfigurationIsVisible = 0;
			defaultConfigurationName = Release;
		};
/* End XCConfigurationList section */
	};
	rootObject = A9A846F7188D854C009C5B78 /* Project object */;
}
